// !$*UTF8*$!
{
	archiveVersion = 1;
	classes = {
	};
	objectVersion = 46;
	objects = {

/* Begin PBXBuildFile section */
		47D88C381856E9830051CD35 /* Cocoa.framework in Frameworks */ = {isa = PBXBuildFile; fileRef = 47D88C371856E9830051CD35 /* Cocoa.framework */; };
		47D88C421856E9830051CD35 /* InfoPlist.strings in Resources */ = {isa = PBXBuildFile; fileRef = 47D88C401856E9830051CD35 /* InfoPlist.strings */; };
		47D88C441856E9830051CD35 /* main.m in Sources */ = {isa = PBXBuildFile; fileRef = 47D88C431856E9830051CD35 /* main.m */; };
		47D88C481856E9830051CD35 /* Credits.rtf in Resources */ = {isa = PBXBuildFile; fileRef = 47D88C461856E9830051CD35 /* Credits.rtf */; };
		47D88C4B1856E9830051CD35 /* VireoDocument.m in Sources */ = {isa = PBXBuildFile; fileRef = 47D88C4A1856E9830051CD35 /* VireoDocument.m */; };
		47D88C4E1856E9830051CD35 /* VireoDocument.xib in Resources */ = {isa = PBXBuildFile; fileRef = 47D88C4C1856E9830051CD35 /* VireoDocument.xib */; };
		47D88C511856E9830051CD35 /* MainMenu.xib in Resources */ = {isa = PBXBuildFile; fileRef = 47D88C4F1856E9830051CD35 /* MainMenu.xib */; };
		47D88C531856E9830051CD35 /* Images.xcassets in Resources */ = {isa = PBXBuildFile; fileRef = 47D88C521856E9830051CD35 /* Images.xcassets */; };
		47D88C5A1856E9830051CD35 /* XCTest.framework in Frameworks */ = {isa = PBXBuildFile; fileRef = 47D88C591856E9830051CD35 /* XCTest.framework */; };
		47D88C5B1856E9830051CD35 /* Cocoa.framework in Frameworks */ = {isa = PBXBuildFile; fileRef = 47D88C371856E9830051CD35 /* Cocoa.framework */; };
		47D88C631856E9830051CD35 /* InfoPlist.strings in Resources */ = {isa = PBXBuildFile; fileRef = 47D88C611856E9830051CD35 /* InfoPlist.strings */; };
		47D88C651856E9830051CD35 /* VireoCanvasTests.m in Sources */ = {isa = PBXBuildFile; fileRef = 47D88C641856E9830051CD35 /* VireoCanvasTests.m */; };
		47D88C881856ECF00051CD35 /* TDCodecLVFlat.cpp in Sources */ = {isa = PBXBuildFile; fileRef = 47D88C721856ECF00051CD35 /* TDCodecLVFlat.cpp */; };
		47D88C891856ECF00051CD35 /* TDCodecVia.cpp in Sources */ = {isa = PBXBuildFile; fileRef = 47D88C731856ECF00051CD35 /* TDCodecVia.cpp */; };
		47D88C8A1856ECF00051CD35 /* EggShell.cpp in Sources */ = {isa = PBXBuildFile; fileRef = 47D88C741856ECF00051CD35 /* EggShell.cpp */; };
		47D88C8B1856ECF00051CD35 /* TypeDefiner.cpp in Sources */ = {isa = PBXBuildFile; fileRef = 47D88C751856ECF00051CD35 /* TypeDefiner.cpp */; };
		47D88C8C1856ECF00051CD35 /* TypeAndDataManager.cpp in Sources */ = {isa = PBXBuildFile; fileRef = 47D88C761856ECF00051CD35 /* TypeAndDataManager.cpp */; };
		47D88C8D1856ECF00051CD35 /* String.cpp in Sources */ = {isa = PBXBuildFile; fileRef = 47D88C771856ECF00051CD35 /* String.cpp */; };
		47D88C8E1856ECF00051CD35 /* Array.cpp in Sources */ = {isa = PBXBuildFile; fileRef = 47D88C781856ECF00051CD35 /* Array.cpp */; };
		47D88C8F1856ECF00051CD35 /* GenericFunctions.cpp in Sources */ = {isa = PBXBuildFile; fileRef = 47D88C791856ECF00051CD35 /* GenericFunctions.cpp */; };
		47D88C901856ECF00051CD35 /* Math.cpp in Sources */ = {isa = PBXBuildFile; fileRef = 47D88C7A1856ECF00051CD35 /* Math.cpp */; };
		47D88C911856ECF00051CD35 /* StringUtilities.cpp in Sources */ = {isa = PBXBuildFile; fileRef = 47D88C7B1856ECF00051CD35 /* StringUtilities.cpp */; };
		47D88C921856ECF00051CD35 /* VirtualInstrument.cpp in Sources */ = {isa = PBXBuildFile; fileRef = 47D88C7C1856ECF00051CD35 /* VirtualInstrument.cpp */; };
		47D88C931856ECF00051CD35 /* CEntryPoints.cpp in Sources */ = {isa = PBXBuildFile; fileRef = 47D88C7D1856ECF00051CD35 /* CEntryPoints.cpp */; };
		47D88C941856ECF00051CD35 /* ExecutionContext.cpp in Sources */ = {isa = PBXBuildFile; fileRef = 47D88C7E1856ECF00051CD35 /* ExecutionContext.cpp */; };
		47D88C961856ECF00051CD35 /* TDCodecVib.cpp in Sources */ = {isa = PBXBuildFile; fileRef = 47D88C801856ECF00051CD35 /* TDCodecVib.cpp */; };
		47D88C971856ECF00051CD35 /* DataQueue.cpp in Sources */ = {isa = PBXBuildFile; fileRef = 47D88C811856ECF00051CD35 /* DataQueue.cpp */; };
		47D88C981856ECF00051CD35 /* Platform.cpp in Sources */ = {isa = PBXBuildFile; fileRef = 47D88C821856ECF00051CD35 /* Platform.cpp */; };
		47D88C991856ECF00051CD35 /* Time128.cpp in Sources */ = {isa = PBXBuildFile; fileRef = 47D88C831856ECF00051CD35 /* Time128.cpp */; };
		47D88C9B1856ECF00051CD35 /* DataObserver.cpp in Sources */ = {isa = PBXBuildFile; fileRef = 47D88C851856ECF00051CD35 /* DataObserver.cpp */; };
		47D88C9C1856ECF00051CD35 /* Iterators.cpp in Sources */ = {isa = PBXBuildFile; fileRef = 47D88C861856ECF00051CD35 /* Iterators.cpp */; };
		47D88C9D1856ECF00051CD35 /* Queue.cpp in Sources */ = {isa = PBXBuildFile; fileRef = 47D88C871856ECF00051CD35 /* Queue.cpp */; };
/* End PBXBuildFile section */

/* Begin PBXContainerItemProxy section */
		47D88C5C1856E9830051CD35 /* PBXContainerItemProxy */ = {
			isa = PBXContainerItemProxy;
			containerPortal = 47D88C2C1856E9830051CD35 /* Project object */;
			proxyType = 1;
			remoteGlobalIDString = 47D88C331856E9830051CD35;
			remoteInfo = VireoCanvas;
		};
/* End PBXContainerItemProxy section */

/* Begin PBXFileReference section */
		47D88C341856E9830051CD35 /* VireoCanvas.app */ = {isa = PBXFileReference; explicitFileType = wrapper.application; includeInIndex = 0; path = VireoCanvas.app; sourceTree = BUILT_PRODUCTS_DIR; };
		47D88C371856E9830051CD35 /* Cocoa.framework */ = {isa = PBXFileReference; lastKnownFileType = wrapper.framework; name = Cocoa.framework; path = System/Library/Frameworks/Cocoa.framework; sourceTree = SDKROOT; };
		47D88C3A1856E9830051CD35 /* AppKit.framework */ = {isa = PBXFileReference; lastKnownFileType = wrapper.framework; name = AppKit.framework; path = System/Library/Frameworks/AppKit.framework; sourceTree = SDKROOT; };
		47D88C3B1856E9830051CD35 /* CoreData.framework */ = {isa = PBXFileReference; lastKnownFileType = wrapper.framework; name = CoreData.framework; path = System/Library/Frameworks/CoreData.framework; sourceTree = SDKROOT; };
		47D88C3C1856E9830051CD35 /* Foundation.framework */ = {isa = PBXFileReference; lastKnownFileType = wrapper.framework; name = Foundation.framework; path = System/Library/Frameworks/Foundation.framework; sourceTree = SDKROOT; };
		47D88C3F1856E9830051CD35 /* VireoCanvas-Info.plist */ = {isa = PBXFileReference; lastKnownFileType = text.plist.xml; path = "VireoCanvas-Info.plist"; sourceTree = "<group>"; };
		47D88C411856E9830051CD35 /* en */ = {isa = PBXFileReference; lastKnownFileType = text.plist.strings; name = en; path = en.lproj/InfoPlist.strings; sourceTree = "<group>"; };
		47D88C431856E9830051CD35 /* main.m */ = {isa = PBXFileReference; lastKnownFileType = sourcecode.c.objc; path = main.m; sourceTree = "<group>"; };
		47D88C451856E9830051CD35 /* VireoCanvas-Prefix.pch */ = {isa = PBXFileReference; lastKnownFileType = sourcecode.c.h; path = "VireoCanvas-Prefix.pch"; sourceTree = "<group>"; };
		47D88C471856E9830051CD35 /* en */ = {isa = PBXFileReference; lastKnownFileType = text.rtf; name = en; path = en.lproj/Credits.rtf; sourceTree = "<group>"; };
		47D88C491856E9830051CD35 /* VireoDocument.h */ = {isa = PBXFileReference; lastKnownFileType = sourcecode.c.h; path = VireoDocument.h; sourceTree = "<group>"; };
		47D88C4A1856E9830051CD35 /* VireoDocument.m */ = {isa = PBXFileReference; lastKnownFileType = sourcecode.c.objc; path = VireoDocument.m; sourceTree = "<group>"; };
		47D88C4D1856E9830051CD35 /* Base */ = {isa = PBXFileReference; lastKnownFileType = file.xib; name = Base; path = Base.lproj/VireoDocument.xib; sourceTree = "<group>"; };
		47D88C501856E9830051CD35 /* Base */ = {isa = PBXFileReference; lastKnownFileType = file.xib; name = Base; path = Base.lproj/MainMenu.xib; sourceTree = "<group>"; };
		47D88C521856E9830051CD35 /* Images.xcassets */ = {isa = PBXFileReference; lastKnownFileType = folder.assetcatalog; path = Images.xcassets; sourceTree = "<group>"; };
		47D88C581856E9830051CD35 /* VireoCanvasTests.xctest */ = {isa = PBXFileReference; explicitFileType = wrapper.cfbundle; includeInIndex = 0; path = VireoCanvasTests.xctest; sourceTree = BUILT_PRODUCTS_DIR; };
		47D88C591856E9830051CD35 /* XCTest.framework */ = {isa = PBXFileReference; lastKnownFileType = wrapper.framework; name = XCTest.framework; path = Library/Frameworks/XCTest.framework; sourceTree = DEVELOPER_DIR; };
		47D88C601856E9830051CD35 /* VireoCanvasTests-Info.plist */ = {isa = PBXFileReference; lastKnownFileType = text.plist.xml; path = "VireoCanvasTests-Info.plist"; sourceTree = "<group>"; };
		47D88C621856E9830051CD35 /* en */ = {isa = PBXFileReference; lastKnownFileType = text.plist.strings; name = en; path = en.lproj/InfoPlist.strings; sourceTree = "<group>"; };
		47D88C641856E9830051CD35 /* VireoCanvasTests.m */ = {isa = PBXFileReference; lastKnownFileType = sourcecode.c.objc; path = VireoCanvasTests.m; sourceTree = "<group>"; };
		47D88C721856ECF00051CD35 /* TDCodecLVFlat.cpp */ = {isa = PBXFileReference; fileEncoding = 4; lastKnownFileType = sourcecode.cpp.cpp; name = TDCodecLVFlat.cpp; path = ../../source/core/TDCodecLVFlat.cpp; sourceTree = "<group>"; };
		47D88C731856ECF00051CD35 /* TDCodecVia.cpp */ = {isa = PBXFileReference; fileEncoding = 4; lastKnownFileType = sourcecode.cpp.cpp; name = TDCodecVia.cpp; path = ../../source/core/TDCodecVia.cpp; sourceTree = "<group>"; };
		47D88C741856ECF00051CD35 /* EggShell.cpp */ = {isa = PBXFileReference; fileEncoding = 4; lastKnownFileType = sourcecode.cpp.cpp; name = EggShell.cpp; path = ../../source/core/EggShell.cpp; sourceTree = "<group>"; };
		47D88C751856ECF00051CD35 /* TypeDefiner.cpp */ = {isa = PBXFileReference; fileEncoding = 4; lastKnownFileType = sourcecode.cpp.cpp; name = TypeDefiner.cpp; path = ../../source/core/TypeDefiner.cpp; sourceTree = "<group>"; };
		47D88C761856ECF00051CD35 /* TypeAndDataManager.cpp */ = {isa = PBXFileReference; fileEncoding = 4; lastKnownFileType = sourcecode.cpp.cpp; name = TypeAndDataManager.cpp; path = ../../source/core/TypeAndDataManager.cpp; sourceTree = "<group>"; };
		47D88C771856ECF00051CD35 /* String.cpp */ = {isa = PBXFileReference; fileEncoding = 4; lastKnownFileType = sourcecode.cpp.cpp; name = String.cpp; path = ../../source/core/String.cpp; sourceTree = "<group>"; };
		47D88C781856ECF00051CD35 /* Array.cpp */ = {isa = PBXFileReference; fileEncoding = 4; lastKnownFileType = sourcecode.cpp.cpp; name = Array.cpp; path = ../../source/core/Array.cpp; sourceTree = "<group>"; };
		47D88C791856ECF00051CD35 /* GenericFunctions.cpp */ = {isa = PBXFileReference; fileEncoding = 4; lastKnownFileType = sourcecode.cpp.cpp; name = GenericFunctions.cpp; path = ../../source/core/GenericFunctions.cpp; sourceTree = "<group>"; };
		47D88C7A1856ECF00051CD35 /* Math.cpp */ = {isa = PBXFileReference; fileEncoding = 4; lastKnownFileType = sourcecode.cpp.cpp; name = Math.cpp; path = ../../source/core/Math.cpp; sourceTree = "<group>"; };
		47D88C7B1856ECF00051CD35 /* StringUtilities.cpp */ = {isa = PBXFileReference; fileEncoding = 4; lastKnownFileType = sourcecode.cpp.cpp; name = StringUtilities.cpp; path = ../../source/core/StringUtilities.cpp; sourceTree = "<group>"; };
		47D88C7C1856ECF00051CD35 /* VirtualInstrument.cpp */ = {isa = PBXFileReference; fileEncoding = 4; lastKnownFileType = sourcecode.cpp.cpp; name = VirtualInstrument.cpp; path = ../../source/core/VirtualInstrument.cpp; sourceTree = "<group>"; };
		47D88C7D1856ECF00051CD35 /* CEntryPoints.cpp */ = {isa = PBXFileReference; fileEncoding = 4; lastKnownFileType = sourcecode.cpp.cpp; name = CEntryPoints.cpp; path = ../../source/core/CEntryPoints.cpp; sourceTree = "<group>"; };
		47D88C7E1856ECF00051CD35 /* ExecutionContext.cpp */ = {isa = PBXFileReference; fileEncoding = 4; lastKnownFileType = sourcecode.cpp.cpp; name = ExecutionContext.cpp; path = ../../source/core/ExecutionContext.cpp; sourceTree = "<group>"; };
		47D88C7F1856ECF00051CD35 /* VireoMerged.cpp */ = {isa = PBXFileReference; fileEncoding = 4; lastKnownFileType = sourcecode.cpp.cpp; name = VireoMerged.cpp; path = ../../source/core/VireoMerged.cpp; sourceTree = "<group>"; };
		47D88C801856ECF00051CD35 /* TDCodecVib.cpp */ = {isa = PBXFileReference; fileEncoding = 4; lastKnownFileType = sourcecode.cpp.cpp; name = TDCodecVib.cpp; path = ../../source/core/TDCodecVib.cpp; sourceTree = "<group>"; };
		47D88C811856ECF00051CD35 /* DataQueue.cpp */ = {isa = PBXFileReference; fileEncoding = 4; lastKnownFileType = sourcecode.cpp.cpp; name = DataQueue.cpp; path = ../../source/core/DataQueue.cpp; sourceTree = "<group>"; };
		47D88C821856ECF00051CD35 /* Platform.cpp */ = {isa = PBXFileReference; fileEncoding = 4; lastKnownFileType = sourcecode.cpp.cpp; name = Platform.cpp; path = ../../source/core/Platform.cpp; sourceTree = "<group>"; };
		47D88C831856ECF00051CD35 /* Time128.cpp */ = {isa = PBXFileReference; fileEncoding = 4; lastKnownFileType = sourcecode.cpp.cpp; name = Time128.cpp; path = ../../source/core/Time128.cpp; sourceTree = "<group>"; };
		47D88C851856ECF00051CD35 /* DataObserver.cpp */ = {isa = PBXFileReference; fileEncoding = 4; lastKnownFileType = sourcecode.cpp.cpp; name = DataObserver.cpp; path = ../../source/core/DataObserver.cpp; sourceTree = "<group>"; };
		47D88C861856ECF00051CD35 /* Iterators.cpp */ = {isa = PBXFileReference; fileEncoding = 4; lastKnownFileType = sourcecode.cpp.cpp; name = Iterators.cpp; path = ../../source/core/Iterators.cpp; sourceTree = "<group>"; };
		47D88C871856ECF00051CD35 /* Queue.cpp */ = {isa = PBXFileReference; fileEncoding = 4; lastKnownFileType = sourcecode.cpp.cpp; name = Queue.cpp; path = ../../source/core/Queue.cpp; sourceTree = "<group>"; };
		47D88CA01856EEE00051CD35 /* EggShell.h */ = {isa = PBXFileReference; fileEncoding = 4; lastKnownFileType = sourcecode.c.h; name = EggShell.h; path = ../../source/include/EggShell.h; sourceTree = "<group>"; };
		47D88CA11856EEE00051CD35 /* StringUtilities.h */ = {isa = PBXFileReference; fileEncoding = 4; lastKnownFileType = sourcecode.c.h; name = StringUtilities.h; path = ../../source/include/StringUtilities.h; sourceTree = "<group>"; };
		47D88CA21856EEE00051CD35 /* DataTypes.h */ = {isa = PBXFileReference; fileEncoding = 4; lastKnownFileType = sourcecode.c.h; name = DataTypes.h; path = ../../source/include/DataTypes.h; sourceTree = "<group>"; };
		47D88CA31856EEE00051CD35 /* TDCodecVia.h */ = {isa = PBXFileReference; fileEncoding = 4; lastKnownFileType = sourcecode.c.h; name = TDCodecVia.h; path = ../../source/include/TDCodecVia.h; sourceTree = "<group>"; };
		47D88CA41856EEE00051CD35 /* TypeAndDataManager.h */ = {isa = PBXFileReference; fileEncoding = 4; lastKnownFileType = sourcecode.c.h; name = TypeAndDataManager.h; path = ../../source/include/TypeAndDataManager.h; sourceTree = "<group>"; };
		47D88CA51856EEE00051CD35 /* ExecutionContext.h */ = {isa = PBXFileReference; fileEncoding = 4; lastKnownFileType = sourcecode.c.h; name = ExecutionContext.h; path = ../../source/include/ExecutionContext.h; sourceTree = "<group>"; };
		47D88CA61856EEE00051CD35 /* VirtualInstrument.h */ = {isa = PBXFileReference; fileEncoding = 4; lastKnownFileType = sourcecode.c.h; name = VirtualInstrument.h; path = ../../source/include/VirtualInstrument.h; sourceTree = "<group>"; };
		47D88CA71856EEE00051CD35 /* BuildConfig.h */ = {isa = PBXFileReference; fileEncoding = 4; lastKnownFileType = sourcecode.c.h; name = BuildConfig.h; path = ../../source/include/BuildConfig.h; sourceTree = "<group>"; };
		47D88CA81856EEE00051CD35 /* TypeDefiner.h */ = {isa = PBXFileReference; fileEncoding = 4; lastKnownFileType = sourcecode.c.h; name = TypeDefiner.h; path = ../../source/include/TypeDefiner.h; sourceTree = "<group>"; };
		47D88CA91856EEE00051CD35 /* Instruction.h */ = {isa = PBXFileReference; fileEncoding = 4; lastKnownFileType = sourcecode.c.h; name = Instruction.h; path = ../../source/include/Instruction.h; sourceTree = "<group>"; };
		47D88CAA1856EEE00051CD35 /* Vireo.h */ = {isa = PBXFileReference; fileEncoding = 4; lastKnownFileType = sourcecode.c.h; name = Vireo.h; path = ../../source/include/Vireo.h; sourceTree = "<group>"; };
		47D88CAB1856EEE00051CD35 /* Loader.h */ = {isa = PBXFileReference; fileEncoding = 4; lastKnownFileType = sourcecode.c.h; name = Loader.h; path = ../../source/include/Loader.h; sourceTree = "<group>"; };
		47D88CAC1856EEE00051CD35 /* Platform.h */ = {isa = PBXFileReference; fileEncoding = 4; lastKnownFileType = sourcecode.c.h; name = Platform.h; path = ../../source/include/Platform.h; sourceTree = "<group>"; };
		47D88CAD1856EEE00051CD35 /* TDCodecVib.h */ = {isa = PBXFileReference; fileEncoding = 4; lastKnownFileType = sourcecode.c.h; name = TDCodecVib.h; path = ../../source/include/TDCodecVib.h; sourceTree = "<group>"; };
		47D88CAE1856EEE00051CD35 /* CharConversionsUTF16.h */ = {isa = PBXFileReference; fileEncoding = 4; lastKnownFileType = sourcecode.c.h; name = CharConversionsUTF16.h; path = ../../source/include/CharConversionsUTF16.h; sourceTree = "<group>"; };
		47D88CAF1856EEE00051CD35 /* DataObserver.h */ = {isa = PBXFileReference; fileEncoding = 4; lastKnownFileType = sourcecode.c.h; name = DataObserver.h; path = ../../source/include/DataObserver.h; sourceTree = "<group>"; };
/* End PBXFileReference section */

/* Begin PBXFrameworksBuildPhase section */
		47D88C311856E9830051CD35 /* Frameworks */ = {
			isa = PBXFrameworksBuildPhase;
			buildActionMask = 2147483647;
			files = (
				47D88C381856E9830051CD35 /* Cocoa.framework in Frameworks */,
			);
			runOnlyForDeploymentPostprocessing = 0;
		};
		47D88C551856E9830051CD35 /* Frameworks */ = {
			isa = PBXFrameworksBuildPhase;
			buildActionMask = 2147483647;
			files = (
				47D88C5B1856E9830051CD35 /* Cocoa.framework in Frameworks */,
				47D88C5A1856E9830051CD35 /* XCTest.framework in Frameworks */,
			);
			runOnlyForDeploymentPostprocessing = 0;
		};
/* End PBXFrameworksBuildPhase section */

/* Begin PBXGroup section */
		47D88C2B1856E9830051CD35 = {
			isa = PBXGroup;
			children = (
				47D88C9E1856ECFF0051CD35 /* Vireo */,
				47D88C3D1856E9830051CD35 /* VireoCanvas */,
				47D88C5E1856E9830051CD35 /* VireoCanvasTests */,
				47D88C361856E9830051CD35 /* Frameworks */,
				47D88C351856E9830051CD35 /* Products */,
			);
			sourceTree = "<group>";
		};
		47D88C351856E9830051CD35 /* Products */ = {
			isa = PBXGroup;
			children = (
				47D88C341856E9830051CD35 /* VireoCanvas.app */,
				47D88C581856E9830051CD35 /* VireoCanvasTests.xctest */,
			);
			name = Products;
			sourceTree = "<group>";
		};
		47D88C361856E9830051CD35 /* Frameworks */ = {
			isa = PBXGroup;
			children = (
				47D88C371856E9830051CD35 /* Cocoa.framework */,
				47D88C591856E9830051CD35 /* XCTest.framework */,
				47D88C391856E9830051CD35 /* Other Frameworks */,
			);
			name = Frameworks;
			sourceTree = "<group>";
		};
		47D88C391856E9830051CD35 /* Other Frameworks */ = {
			isa = PBXGroup;
			children = (
				47D88C3A1856E9830051CD35 /* AppKit.framework */,
				47D88C3B1856E9830051CD35 /* CoreData.framework */,
				47D88C3C1856E9830051CD35 /* Foundation.framework */,
			);
			name = "Other Frameworks";
			sourceTree = "<group>";
		};
		47D88C3D1856E9830051CD35 /* VireoCanvas */ = {
			isa = PBXGroup;
			children = (
				47D88C491856E9830051CD35 /* VireoDocument.h */,
				47D88C4A1856E9830051CD35 /* VireoDocument.m */,
				47D88C4C1856E9830051CD35 /* VireoDocument.xib */,
				47D88C4F1856E9830051CD35 /* MainMenu.xib */,
				47D88C521856E9830051CD35 /* Images.xcassets */,
				47D88C3E1856E9830051CD35 /* Supporting Files */,
			);
			path = VireoCanvas;
			sourceTree = "<group>";
		};
		47D88C3E1856E9830051CD35 /* Supporting Files */ = {
			isa = PBXGroup;
			children = (
				47D88C3F1856E9830051CD35 /* VireoCanvas-Info.plist */,
				47D88C401856E9830051CD35 /* InfoPlist.strings */,
				47D88C431856E9830051CD35 /* main.m */,
				47D88C451856E9830051CD35 /* VireoCanvas-Prefix.pch */,
				47D88C461856E9830051CD35 /* Credits.rtf */,
			);
			name = "Supporting Files";
			sourceTree = "<group>";
		};
		47D88C5E1856E9830051CD35 /* VireoCanvasTests */ = {
			isa = PBXGroup;
			children = (
				47D88C641856E9830051CD35 /* VireoCanvasTests.m */,
				47D88C5F1856E9830051CD35 /* Supporting Files */,
			);
			path = VireoCanvasTests;
			sourceTree = "<group>";
		};
		47D88C5F1856E9830051CD35 /* Supporting Files */ = {
			isa = PBXGroup;
			children = (
				47D88C601856E9830051CD35 /* VireoCanvasTests-Info.plist */,
				47D88C611856E9830051CD35 /* InfoPlist.strings */,
			);
			name = "Supporting Files";
			sourceTree = "<group>";
		};
		47D88C711856EC800051CD35 /* VireoCore */ = {
			isa = PBXGroup;
			children = (
				47D88C721856ECF00051CD35 /* TDCodecLVFlat.cpp */,
				47D88C731856ECF00051CD35 /* TDCodecVia.cpp */,
				47D88C801856ECF00051CD35 /* TDCodecVib.cpp */,
				47D88C741856ECF00051CD35 /* EggShell.cpp */,
				47D88C751856ECF00051CD35 /* TypeDefiner.cpp */,
				47D88C761856ECF00051CD35 /* TypeAndDataManager.cpp */,
				47D88C771856ECF00051CD35 /* String.cpp */,
				47D88C781856ECF00051CD35 /* Array.cpp */,
				47D88C791856ECF00051CD35 /* GenericFunctions.cpp */,
				47D88C7A1856ECF00051CD35 /* Math.cpp */,
				47D88C7B1856ECF00051CD35 /* StringUtilities.cpp */,
				47D88C7C1856ECF00051CD35 /* VirtualInstrument.cpp */,
				47D88C7D1856ECF00051CD35 /* CEntryPoints.cpp */,
				47D88C7E1856ECF00051CD35 /* ExecutionContext.cpp */,
				47D88C7F1856ECF00051CD35 /* VireoMerged.cpp */,
				47D88C811856ECF00051CD35 /* DataQueue.cpp */,
				47D88C821856ECF00051CD35 /* Platform.cpp */,
				47D88C831856ECF00051CD35 /* Time128.cpp */,
				47D88C851856ECF00051CD35 /* DataObserver.cpp */,
				47D88C861856ECF00051CD35 /* Iterators.cpp */,
				47D88C871856ECF00051CD35 /* Queue.cpp */,
			);
			name = VireoCore;
			sourceTree = "<group>";
		};
		47D88C9E1856ECFF0051CD35 /* Vireo */ = {
			isa = PBXGroup;
			children = (
				47D88C9F1856ED210051CD35 /* Headers */,
				47D88C711856EC800051CD35 /* VireoCore */,
			);
			name = Vireo;
			sourceTree = "<group>";
		};
		47D88C9F1856ED210051CD35 /* Headers */ = {
			isa = PBXGroup;
			children = (
				47D88CA01856EEE00051CD35 /* EggShell.h */,
				47D88CA11856EEE00051CD35 /* StringUtilities.h */,
				47D88CA21856EEE00051CD35 /* DataTypes.h */,
				47D88CA31856EEE00051CD35 /* TDCodecVia.h */,
				47D88CA41856EEE00051CD35 /* TypeAndDataManager.h */,
				47D88CA51856EEE00051CD35 /* ExecutionContext.h */,
				47D88CA61856EEE00051CD35 /* VirtualInstrument.h */,
				47D88CA71856EEE00051CD35 /* BuildConfig.h */,
				47D88CA81856EEE00051CD35 /* TypeDefiner.h */,
				47D88CA91856EEE00051CD35 /* Instruction.h */,
				47D88CAA1856EEE00051CD35 /* Vireo.h */,
				47D88CAB1856EEE00051CD35 /* Loader.h */,
				47D88CAC1856EEE00051CD35 /* Platform.h */,
				47D88CAD1856EEE00051CD35 /* TDCodecVib.h */,
				47D88CAE1856EEE00051CD35 /* CharConversionsUTF16.h */,
				47D88CAF1856EEE00051CD35 /* DataObserver.h */,
			);
			name = Headers;
			sourceTree = "<group>";
		};
/* End PBXGroup section */

/* Begin PBXNativeTarget section */
		47D88C331856E9830051CD35 /* VireoCanvas */ = {
			isa = PBXNativeTarget;
			buildConfigurationList = 47D88C681856E9830051CD35 /* Build configuration list for PBXNativeTarget "VireoCanvas" */;
			buildPhases = (
				47D88C301856E9830051CD35 /* Sources */,
				47D88C311856E9830051CD35 /* Frameworks */,
				47D88C321856E9830051CD35 /* Resources */,
			);
			buildRules = (
			);
			dependencies = (
			);
			name = VireoCanvas;
			productName = VireoCanvas;
			productReference = 47D88C341856E9830051CD35 /* VireoCanvas.app */;
			productType = "com.apple.product-type.application";
		};
		47D88C571856E9830051CD35 /* VireoCanvasTests */ = {
			isa = PBXNativeTarget;
			buildConfigurationList = 47D88C6B1856E9830051CD35 /* Build configuration list for PBXNativeTarget "VireoCanvasTests" */;
			buildPhases = (
				47D88C541856E9830051CD35 /* Sources */,
				47D88C551856E9830051CD35 /* Frameworks */,
				47D88C561856E9830051CD35 /* Resources */,
			);
			buildRules = (
			);
			dependencies = (
				47D88C5D1856E9830051CD35 /* PBXTargetDependency */,
			);
			name = VireoCanvasTests;
			productName = VireoCanvasTests;
			productReference = 47D88C581856E9830051CD35 /* VireoCanvasTests.xctest */;
			productType = "com.apple.product-type.bundle.unit-test";
		};
/* End PBXNativeTarget section */

/* Begin PBXProject section */
		47D88C2C1856E9830051CD35 /* Project object */ = {
			isa = PBXProject;
			attributes = {
				CLASSPREFIX = Vireo;
				LastUpgradeCheck = 0500;
				ORGANIZATIONNAME = Paul;
				TargetAttributes = {
					47D88C571856E9830051CD35 = {
						TestTargetID = 47D88C331856E9830051CD35;
					};
				};
			};
			buildConfigurationList = 47D88C2F1856E9830051CD35 /* Build configuration list for PBXProject "VireoCanvas" */;
			compatibilityVersion = "Xcode 3.2";
			developmentRegion = English;
			hasScannedForEncodings = 0;
			knownRegions = (
				en,
				Base,
			);
			mainGroup = 47D88C2B1856E9830051CD35;
			productRefGroup = 47D88C351856E9830051CD35 /* Products */;
			projectDirPath = "";
			projectRoot = "";
			targets = (
				47D88C331856E9830051CD35 /* VireoCanvas */,
				47D88C571856E9830051CD35 /* VireoCanvasTests */,
			);
		};
/* End PBXProject section */

/* Begin PBXResourcesBuildPhase section */
		47D88C321856E9830051CD35 /* Resources */ = {
			isa = PBXResourcesBuildPhase;
			buildActionMask = 2147483647;
			files = (
				47D88C421856E9830051CD35 /* InfoPlist.strings in Resources */,
				47D88C531856E9830051CD35 /* Images.xcassets in Resources */,
				47D88C4E1856E9830051CD35 /* VireoDocument.xib in Resources */,
				47D88C481856E9830051CD35 /* Credits.rtf in Resources */,
				47D88C511856E9830051CD35 /* MainMenu.xib in Resources */,
			);
			runOnlyForDeploymentPostprocessing = 0;
		};
		47D88C561856E9830051CD35 /* Resources */ = {
			isa = PBXResourcesBuildPhase;
			buildActionMask = 2147483647;
			files = (
				47D88C631856E9830051CD35 /* InfoPlist.strings in Resources */,
			);
			runOnlyForDeploymentPostprocessing = 0;
		};
/* End PBXResourcesBuildPhase section */

/* Begin PBXSourcesBuildPhase section */
		47D88C301856E9830051CD35 /* Sources */ = {
			isa = PBXSourcesBuildPhase;
			buildActionMask = 2147483647;
			files = (
				47D88C4B1856E9830051CD35 /* VireoDocument.m in Sources */,
				47D88C931856ECF00051CD35 /* CEntryPoints.cpp in Sources */,
				47D88C941856ECF00051CD35 /* ExecutionContext.cpp in Sources */,
				47D88C891856ECF00051CD35 /* TDCodecVia.cpp in Sources */,
				47D88C921856ECF00051CD35 /* VirtualInstrument.cpp in Sources */,
				47D88C8E1856ECF00051CD35 /* Array.cpp in Sources */,
				47D88C8D1856ECF00051CD35 /* String.cpp in Sources */,
				47D88C881856ECF00051CD35 /* TDCodecLVFlat.cpp in Sources */,
				47D88C441856E9830051CD35 /* main.m in Sources */,
				47D88C8A1856ECF00051CD35 /* EggShell.cpp in Sources */,
				47D88C9B1856ECF00051CD35 /* DataObserver.cpp in Sources */,
				47D88C961856ECF00051CD35 /* TDCodecVib.cpp in Sources */,
				47D88C8F1856ECF00051CD35 /* GenericFunctions.cpp in Sources */,
				47D88C901856ECF00051CD35 /* Math.cpp in Sources */,
				47D88C9D1856ECF00051CD35 /* Queue.cpp in Sources */,
				47D88C981856ECF00051CD35 /* Platform.cpp in Sources */,
				47D88C8C1856ECF00051CD35 /* TypeAndDataManager.cpp in Sources */,
				47D88C8B1856ECF00051CD35 /* TypeDefiner.cpp in Sources */,
				47D88C9C1856ECF00051CD35 /* Iterators.cpp in Sources */,
				47D88C911856ECF00051CD35 /* StringUtilities.cpp in Sources */,
				47D88C991856ECF00051CD35 /* Time128.cpp in Sources */,
				47D88C971856ECF00051CD35 /* DataQueue.cpp in Sources */,
			);
			runOnlyForDeploymentPostprocessing = 0;
		};
		47D88C541856E9830051CD35 /* Sources */ = {
			isa = PBXSourcesBuildPhase;
			buildActionMask = 2147483647;
			files = (
				47D88C651856E9830051CD35 /* VireoCanvasTests.m in Sources */,
			);
			runOnlyForDeploymentPostprocessing = 0;
		};
/* End PBXSourcesBuildPhase section */

/* Begin PBXTargetDependency section */
		47D88C5D1856E9830051CD35 /* PBXTargetDependency */ = {
			isa = PBXTargetDependency;
			target = 47D88C331856E9830051CD35 /* VireoCanvas */;
			targetProxy = 47D88C5C1856E9830051CD35 /* PBXContainerItemProxy */;
		};
/* End PBXTargetDependency section */

/* Begin PBXVariantGroup section */
		47D88C401856E9830051CD35 /* InfoPlist.strings */ = {
			isa = PBXVariantGroup;
			children = (
				47D88C411856E9830051CD35 /* en */,
			);
			name = InfoPlist.strings;
			sourceTree = "<group>";
		};
		47D88C461856E9830051CD35 /* Credits.rtf */ = {
			isa = PBXVariantGroup;
			children = (
				47D88C471856E9830051CD35 /* en */,
			);
			name = Credits.rtf;
			sourceTree = "<group>";
		};
		47D88C4C1856E9830051CD35 /* VireoDocument.xib */ = {
			isa = PBXVariantGroup;
			children = (
				47D88C4D1856E9830051CD35 /* Base */,
			);
			name = VireoDocument.xib;
			sourceTree = "<group>";
		};
		47D88C4F1856E9830051CD35 /* MainMenu.xib */ = {
			isa = PBXVariantGroup;
			children = (
				47D88C501856E9830051CD35 /* Base */,
			);
			name = MainMenu.xib;
			sourceTree = "<group>";
		};
		47D88C611856E9830051CD35 /* InfoPlist.strings */ = {
			isa = PBXVariantGroup;
			children = (
				47D88C621856E9830051CD35 /* en */,
			);
			name = InfoPlist.strings;
			sourceTree = "<group>";
		};
/* End PBXVariantGroup section */

/* Begin XCBuildConfiguration section */
		47D88C661856E9830051CD35 /* Debug */ = {
			isa = XCBuildConfiguration;
			buildSettings = {
				ALWAYS_SEARCH_USER_PATHS = NO;
				CLANG_CXX_LANGUAGE_STANDARD = "gnu++0x";
				CLANG_CXX_LIBRARY = "libc++";
				CLANG_ENABLE_OBJC_ARC = YES;
				CLANG_WARN_BOOL_CONVERSION = YES;
				CLANG_WARN_CONSTANT_CONVERSION = YES;
				CLANG_WARN_DIRECT_OBJC_ISA_USAGE = YES_ERROR;
				CLANG_WARN_EMPTY_BODY = YES;
				CLANG_WARN_ENUM_CONVERSION = YES;
				CLANG_WARN_INT_CONVERSION = YES;
				CLANG_WARN_OBJC_ROOT_CLASS = YES_ERROR;
				CLANG_WARN__DUPLICATE_METHOD_MATCH = YES;
				COPY_PHASE_STRIP = NO;
				GCC_C_LANGUAGE_STANDARD = gnu99;
				GCC_DYNAMIC_NO_PIC = NO;
				GCC_ENABLE_OBJC_EXCEPTIONS = YES;
				GCC_OPTIMIZATION_LEVEL = 0;
				GCC_PREPROCESSOR_DEFINITIONS = (
					"DEBUG=1",
					"$(inherited)",
				);
				GCC_SYMBOLS_PRIVATE_EXTERN = NO;
				GCC_WARN_64_TO_32_BIT_CONVERSION = YES;
				GCC_WARN_ABOUT_RETURN_TYPE = YES_ERROR;
				GCC_WARN_UNDECLARED_SELECTOR = YES;
				GCC_WARN_UNINITIALIZED_AUTOS = YES;
				GCC_WARN_UNUSED_FUNCTION = YES;
				GCC_WARN_UNUSED_VARIABLE = YES;
				MACOSX_DEPLOYMENT_TARGET = 10.9;
				ONLY_ACTIVE_ARCH = YES;
				SDKROOT = macosx;
			};
			name = Debug;
		};
		47D88C671856E9830051CD35 /* Release */ = {
			isa = XCBuildConfiguration;
			buildSettings = {
				ALWAYS_SEARCH_USER_PATHS = NO;
				CLANG_CXX_LANGUAGE_STANDARD = "gnu++0x";
				CLANG_CXX_LIBRARY = "libc++";
				CLANG_ENABLE_OBJC_ARC = YES;
				CLANG_WARN_BOOL_CONVERSION = YES;
				CLANG_WARN_CONSTANT_CONVERSION = YES;
				CLANG_WARN_DIRECT_OBJC_ISA_USAGE = YES_ERROR;
				CLANG_WARN_EMPTY_BODY = YES;
				CLANG_WARN_ENUM_CONVERSION = YES;
				CLANG_WARN_INT_CONVERSION = YES;
				CLANG_WARN_OBJC_ROOT_CLASS = YES_ERROR;
				CLANG_WARN__DUPLICATE_METHOD_MATCH = YES;
				COPY_PHASE_STRIP = YES;
				DEBUG_INFORMATION_FORMAT = "dwarf-with-dsym";
				ENABLE_NS_ASSERTIONS = NO;
				GCC_C_LANGUAGE_STANDARD = gnu99;
				GCC_ENABLE_OBJC_EXCEPTIONS = YES;
				GCC_WARN_64_TO_32_BIT_CONVERSION = YES;
				GCC_WARN_ABOUT_RETURN_TYPE = YES_ERROR;
				GCC_WARN_UNDECLARED_SELECTOR = YES;
				GCC_WARN_UNINITIALIZED_AUTOS = YES;
				GCC_WARN_UNUSED_FUNCTION = YES;
				GCC_WARN_UNUSED_VARIABLE = YES;
				MACOSX_DEPLOYMENT_TARGET = 10.9;
				SDKROOT = macosx;
			};
			name = Release;
		};
		47D88C691856E9830051CD35 /* Debug */ = {
			isa = XCBuildConfiguration;
			buildSettings = {
				ASSETCATALOG_COMPILER_APPICON_NAME = AppIcon;
				COMBINE_HIDPI_IMAGES = YES;
				GCC_PRECOMPILE_PREFIX_HEADER = YES;
				GCC_PREFIX_HEADER = "VireoCanvas/VireoCanvas-Prefix.pch";
				INFOPLIST_FILE = "VireoCanvas/VireoCanvas-Info.plist";
				PRODUCT_NAME = "$(TARGET_NAME)";
				WRAPPER_EXTENSION = app;
			};
			name = Debug;
		};
		47D88C6A1856E9830051CD35 /* Release */ = {
			isa = XCBuildConfiguration;
			buildSettings = {
				ASSETCATALOG_COMPILER_APPICON_NAME = AppIcon;
				COMBINE_HIDPI_IMAGES = YES;
				GCC_PRECOMPILE_PREFIX_HEADER = YES;
				GCC_PREFIX_HEADER = "VireoCanvas/VireoCanvas-Prefix.pch";
				INFOPLIST_FILE = "VireoCanvas/VireoCanvas-Info.plist";
				PRODUCT_NAME = "$(TARGET_NAME)";
				WRAPPER_EXTENSION = app;
			};
			name = Release;
		};
		47D88C6C1856E9830051CD35 /* Debug */ = {
			isa = XCBuildConfiguration;
			buildSettings = {
				BUNDLE_LOADER = "$(BUILT_PRODUCTS_DIR)/VireoCanvas.app/Contents/MacOS/VireoCanvas";
				COMBINE_HIDPI_IMAGES = YES;
				FRAMEWORK_SEARCH_PATHS = (
					"$(DEVELOPER_FRAMEWORKS_DIR)",
					"$(inherited)",
				);
				GCC_PRECOMPILE_PREFIX_HEADER = YES;
				GCC_PREFIX_HEADER = "VireoCanvas/VireoCanvas-Prefix.pch";
				GCC_PREPROCESSOR_DEFINITIONS = (
					"DEBUG=1",
					"$(inherited)",
				);
				INFOPLIST_FILE = "VireoCanvasTests/VireoCanvasTests-Info.plist";
				PRODUCT_NAME = "$(TARGET_NAME)";
				TEST_HOST = "$(BUNDLE_LOADER)";
				WRAPPER_EXTENSION = xctest;
			};
			name = Debug;
		};
		47D88C6D1856E9830051CD35 /* Release */ = {
			isa = XCBuildConfiguration;
			buildSettings = {
				BUNDLE_LOADER = "$(BUILT_PRODUCTS_DIR)/VireoCanvas.app/Contents/MacOS/VireoCanvas";
				COMBINE_HIDPI_IMAGES = YES;
				FRAMEWORK_SEARCH_PATHS = (
					"$(DEVELOPER_FRAMEWORKS_DIR)",
					"$(inherited)",
				);
				GCC_PRECOMPILE_PREFIX_HEADER = YES;
				GCC_PREFIX_HEADER = "VireoCanvas/VireoCanvas-Prefix.pch";
				INFOPLIST_FILE = "VireoCanvasTests/VireoCanvasTests-Info.plist";
				PRODUCT_NAME = "$(TARGET_NAME)";
				TEST_HOST = "$(BUNDLE_LOADER)";
				WRAPPER_EXTENSION = xctest;
			};
			name = Release;
		};
/* End XCBuildConfiguration section */

/* Begin XCConfigurationList section */
		47D88C2F1856E9830051CD35 /* Build configuration list for PBXProject "VireoCanvas" */ = {
			isa = XCConfigurationList;
			buildConfigurations = (
				47D88C661856E9830051CD35 /* Debug */,
				47D88C671856E9830051CD35 /* Release */,
			);
			defaultConfigurationIsVisible = 0;
			defaultConfigurationName = Release;
		};
		47D88C681856E9830051CD35 /* Build configuration list for PBXNativeTarget "VireoCanvas" */ = {
			isa = XCConfigurationList;
			buildConfigurations = (
				47D88C691856E9830051CD35 /* Debug */,
				47D88C6A1856E9830051CD35 /* Release */,
			);
			defaultConfigurationIsVisible = 0;
		};
		47D88C6B1856E9830051CD35 /* Build configuration list for PBXNativeTarget "VireoCanvasTests" */ = {
			isa = XCConfigurationList;
			buildConfigurations = (
				47D88C6C1856E9830051CD35 /* Debug */,
				47D88C6D1856E9830051CD35 /* Release */,
			);
			defaultConfigurationIsVisible = 0;
		};
/* End XCConfigurationList section */
	};
	rootObject = 47D88C2C1856E9830051CD35 /* Project object */;
}
