// !$*UTF8*$!
{
	archiveVersion = 1;
	classes = {
	};
	objectVersion = 46;
	objects = {

/* Begin PBXBuildFile section */
		4750F14419BF559400FA80B8 /* Cocoa.framework in Frameworks */ = {isa = PBXBuildFile; fileRef = 4750F14319BF559400FA80B8 /* Cocoa.framework */; };
		4750F14E19BF559400FA80B8 /* InfoPlist.strings in Resources */ = {isa = PBXBuildFile; fileRef = 4750F14C19BF559400FA80B8 /* InfoPlist.strings */; };
		4750F15219BF559400FA80B8 /* Canvas2D.c in Sources */ = {isa = PBXBuildFile; fileRef = 4750F15119BF559400FA80B8 /* Canvas2D.c */; };
/* End PBXBuildFile section */

/* Begin PBXFileReference section */
		4750F14019BF559400FA80B8 /* Canvas2D.framework */ = {isa = PBXFileReference; explicitFileType = wrapper.framework; includeInIndex = 0; path = Canvas2D.framework; sourceTree = BUILT_PRODUCTS_DIR; };
		4750F14319BF559400FA80B8 /* Cocoa.framework */ = {isa = PBXFileReference; lastKnownFileType = wrapper.framework; name = Cocoa.framework; path = System/Library/Frameworks/Cocoa.framework; sourceTree = SDKROOT; };
		4750F14619BF559400FA80B8 /* Foundation.framework */ = {isa = PBXFileReference; lastKnownFileType = wrapper.framework; name = Foundation.framework; path = System/Library/Frameworks/Foundation.framework; sourceTree = SDKROOT; };
		4750F14719BF559400FA80B8 /* CoreData.framework */ = {isa = PBXFileReference; lastKnownFileType = wrapper.framework; name = CoreData.framework; path = System/Library/Frameworks/CoreData.framework; sourceTree = SDKROOT; };
		4750F14819BF559400FA80B8 /* AppKit.framework */ = {isa = PBXFileReference; lastKnownFileType = wrapper.framework; name = AppKit.framework; path = System/Library/Frameworks/AppKit.framework; sourceTree = SDKROOT; };
		4750F14B19BF559400FA80B8 /* Canvas2D-Info.plist */ = {isa = PBXFileReference; lastKnownFileType = text.plist.xml; path = "Canvas2D-Info.plist"; sourceTree = "<group>"; };
		4750F14D19BF559400FA80B8 /* en */ = {isa = PBXFileReference; lastKnownFileType = text.plist.strings; name = en; path = en.lproj/InfoPlist.strings; sourceTree = "<group>"; };
		4750F14F19BF559400FA80B8 /* Canvas2D-Prefix.pch */ = {isa = PBXFileReference; lastKnownFileType = sourcecode.c.h; path = "Canvas2D-Prefix.pch"; sourceTree = "<group>"; };
		4750F15019BF559400FA80B8 /* Canvas2D.h */ = {isa = PBXFileReference; lastKnownFileType = sourcecode.c.h; path = Canvas2D.h; sourceTree = "<group>"; };
		4750F15119BF559400FA80B8 /* Canvas2D.c */ = {isa = PBXFileReference; lastKnownFileType = sourcecode.c.c; path = Canvas2D.c; sourceTree = "<group>"; };
		4750F15819BF559400FA80B8 /* XCTest.framework */ = {isa = PBXFileReference; lastKnownFileType = wrapper.framework; name = XCTest.framework; path = Library/Frameworks/XCTest.framework; sourceTree = DEVELOPER_DIR; };
/* End PBXFileReference section */

/* Begin PBXFrameworksBuildPhase section */
		4750F13C19BF559400FA80B8 /* Frameworks */ = {
			isa = PBXFrameworksBuildPhase;
			buildActionMask = 2147483647;
			files = (
				4750F14419BF559400FA80B8 /* Cocoa.framework in Frameworks */,
			);
			runOnlyForDeploymentPostprocessing = 0;
		};
/* End PBXFrameworksBuildPhase section */

/* Begin PBXGroup section */
		4750F13619BF559400FA80B8 = {
			isa = PBXGroup;
			children = (
				4750F14919BF559400FA80B8 /* Canvas2D */,
				4750F14219BF559400FA80B8 /* Frameworks */,
				4750F14119BF559400FA80B8 /* Products */,
			);
			sourceTree = "<group>";
		};
		4750F14119BF559400FA80B8 /* Products */ = {
			isa = PBXGroup;
			children = (
				4750F14019BF559400FA80B8 /* Canvas2D.framework */,
			);
			name = Products;
			sourceTree = "<group>";
		};
		4750F14219BF559400FA80B8 /* Frameworks */ = {
			isa = PBXGroup;
			children = (
				4750F14319BF559400FA80B8 /* Cocoa.framework */,
				4750F15819BF559400FA80B8 /* XCTest.framework */,
				4750F14519BF559400FA80B8 /* Other Frameworks */,
			);
			name = Frameworks;
			sourceTree = "<group>";
		};
		4750F14519BF559400FA80B8 /* Other Frameworks */ = {
			isa = PBXGroup;
			children = (
				4750F14619BF559400FA80B8 /* Foundation.framework */,
				4750F14719BF559400FA80B8 /* CoreData.framework */,
				4750F14819BF559400FA80B8 /* AppKit.framework */,
			);
			name = "Other Frameworks";
			sourceTree = "<group>";
		};
		4750F14919BF559400FA80B8 /* Canvas2D */ = {
			isa = PBXGroup;
			children = (
				4750F15019BF559400FA80B8 /* Canvas2D.h */,
				4750F15119BF559400FA80B8 /* Canvas2D.c */,
				4750F14A19BF559400FA80B8 /* Supporting Files */,
			);
			path = Canvas2D;
			sourceTree = "<group>";
		};
		4750F14A19BF559400FA80B8 /* Supporting Files */ = {
			isa = PBXGroup;
			children = (
				4750F14B19BF559400FA80B8 /* Canvas2D-Info.plist */,
				4750F14C19BF559400FA80B8 /* InfoPlist.strings */,
				4750F14F19BF559400FA80B8 /* Canvas2D-Prefix.pch */,
			);
			name = "Supporting Files";
			sourceTree = "<group>";
		};
/* End PBXGroup section */

/* Begin PBXHeadersBuildPhase section */
		4750F13D19BF559400FA80B8 /* Headers */ = {
			isa = PBXHeadersBuildPhase;
			buildActionMask = 2147483647;
			files = (
			);
			runOnlyForDeploymentPostprocessing = 0;
		};
/* End PBXHeadersBuildPhase section */

/* Begin PBXNativeTarget section */
		4750F13F19BF559400FA80B8 /* Canvas2D */ = {
			isa = PBXNativeTarget;
			buildConfigurationList = 4750F16819BF559400FA80B8 /* Build configuration list for PBXNativeTarget "Canvas2D" */;
			buildPhases = (
				4750F13B19BF559400FA80B8 /* Sources */,
				4750F13C19BF559400FA80B8 /* Frameworks */,
				4750F13D19BF559400FA80B8 /* Headers */,
				4750F13E19BF559400FA80B8 /* Resources */,
			);
			buildRules = (
			);
			dependencies = (
			);
			name = Canvas2D;
			productName = Canvas2D;
			productReference = 4750F14019BF559400FA80B8 /* Canvas2D.framework */;
			productType = "com.apple.product-type.framework";
		};
/* End PBXNativeTarget section */

/* Begin PBXProject section */
		4750F13719BF559400FA80B8 /* Project object */ = {
			isa = PBXProject;
			attributes = {
				LastUpgradeCheck = 0510;
				ORGANIZATIONNAME = Vireo;
			};
			buildConfigurationList = 4750F13A19BF559400FA80B8 /* Build configuration list for PBXProject "Canvas2D" */;
			compatibilityVersion = "Xcode 3.2";
			developmentRegion = English;
			hasScannedForEncodings = 0;
			knownRegions = (
				en,
			);
			mainGroup = 4750F13619BF559400FA80B8;
			productRefGroup = 4750F14119BF559400FA80B8 /* Products */;
			projectDirPath = "";
			projectRoot = "";
			targets = (
				4750F13F19BF559400FA80B8 /* Canvas2D */,
			);
		};
/* End PBXProject section */

/* Begin PBXResourcesBuildPhase section */
		4750F13E19BF559400FA80B8 /* Resources */ = {
			isa = PBXResourcesBuildPhase;
			buildActionMask = 2147483647;
			files = (
				4750F14E19BF559400FA80B8 /* InfoPlist.strings in Resources */,
			);
			runOnlyForDeploymentPostprocessing = 0;
		};
/* End PBXResourcesBuildPhase section */

/* Begin PBXSourcesBuildPhase section */
		4750F13B19BF559400FA80B8 /* Sources */ = {
			isa = PBXSourcesBuildPhase;
			buildActionMask = 2147483647;
			files = (
				4750F15219BF559400FA80B8 /* Canvas2D.c in Sources */,
			);
			runOnlyForDeploymentPostprocessing = 0;
		};
/* End PBXSourcesBuildPhase section */

/* Begin PBXVariantGroup section */
		4750F14C19BF559400FA80B8 /* InfoPlist.strings */ = {
			isa = PBXVariantGroup;
			children = (
				4750F14D19BF559400FA80B8 /* en */,
			);
			name = InfoPlist.strings;
			sourceTree = "<group>";
		};
/* End PBXVariantGroup section */

/* Begin XCBuildConfiguration section */
		4750F16619BF559400FA80B8 /* Debug */ = {
			isa = XCBuildConfiguration;
			buildSettings = {
				ALWAYS_SEARCH_USER_PATHS = NO;
				CLANG_CXX_LANGUAGE_STANDARD = "gnu++0x";
				CLANG_CXX_LIBRARY = "libc++";
				CLANG_ENABLE_MODULES = YES;
				CLANG_ENABLE_OBJC_ARC = YES;
				CLANG_WARN_BOOL_CONVERSION = YES;
				CLANG_WARN_CONSTANT_CONVERSION = YES;
				CLANG_WARN_DIRECT_OBJC_ISA_USAGE = YES_ERROR;
				CLANG_WARN_EMPTY_BODY = YES;
				CLANG_WARN_ENUM_CONVERSION = YES;
				CLANG_WARN_INT_CONVERSION = YES;
				CLANG_WARN_OBJC_ROOT_CLASS = YES_ERROR;
				CLANG_WARN__DUPLICATE_METHOD_MATCH = YES;
				COPY_PHASE_STRIP = NO;
				GCC_C_LANGUAGE_STANDARD = gnu99;
				GCC_DYNAMIC_NO_PIC = NO;
				GCC_ENABLE_OBJC_EXCEPTIONS = YES;
				GCC_OPTIMIZATION_LEVEL = 0;
				GCC_PREPROCESSOR_DEFINITIONS = (
					"DEBUG=1",
					"$(inherited)",
				);
				GCC_SYMBOLS_PRIVATE_EXTERN = NO;
				GCC_WARN_64_TO_32_BIT_CONVERSION = YES;
				GCC_WARN_ABOUT_RETURN_TYPE = YES_ERROR;
				GCC_WARN_UNDECLARED_SELECTOR = YES;
				GCC_WARN_UNINITIALIZED_AUTOS = YES_AGGRESSIVE;
				GCC_WARN_UNUSED_FUNCTION = YES;
				GCC_WARN_UNUSED_VARIABLE = YES;
				MACOSX_DEPLOYMENT_TARGET = 10.9;
				ONLY_ACTIVE_ARCH = YES;
				SDKROOT = macosx;
			};
			name = Debug;
		};
		4750F16719BF559400FA80B8 /* Release */ = {
			isa = XCBuildConfiguration;
			buildSettings = {
				ALWAYS_SEARCH_USER_PATHS = NO;
				CLANG_CXX_LANGUAGE_STANDARD = "gnu++0x";
				CLANG_CXX_LIBRARY = "libc++";
				CLANG_ENABLE_MODULES = YES;
				CLANG_ENABLE_OBJC_ARC = YES;
				CLANG_WARN_BOOL_CONVERSION = YES;
				CLANG_WARN_CONSTANT_CONVERSION = YES;
				CLANG_WARN_DIRECT_OBJC_ISA_USAGE = YES_ERROR;
				CLANG_WARN_EMPTY_BODY = YES;
				CLANG_WARN_ENUM_CONVERSION = YES;
				CLANG_WARN_INT_CONVERSION = YES;
				CLANG_WARN_OBJC_ROOT_CLASS = YES_ERROR;
				CLANG_WARN__DUPLICATE_METHOD_MATCH = YES;
				COPY_PHASE_STRIP = YES;
				DEBUG_INFORMATION_FORMAT = "dwarf-with-dsym";
				ENABLE_NS_ASSERTIONS = NO;
				GCC_C_LANGUAGE_STANDARD = gnu99;
				GCC_ENABLE_OBJC_EXCEPTIONS = YES;
				GCC_WARN_64_TO_32_BIT_CONVERSION = YES;
				GCC_WARN_ABOUT_RETURN_TYPE = YES_ERROR;
				GCC_WARN_UNDECLARED_SELECTOR = YES;
				GCC_WARN_UNINITIALIZED_AUTOS = YES_AGGRESSIVE;
				GCC_WARN_UNUSED_FUNCTION = YES;
				GCC_WARN_UNUSED_VARIABLE = YES;
				MACOSX_DEPLOYMENT_TARGET = 10.9;
				SDKROOT = macosx;
			};
			name = Release;
		};
		4750F16919BF559400FA80B8 /* Debug */ = {
			isa = XCBuildConfiguration;
			buildSettings = {
				ARCHS = "$(ARCHS_STANDARD_32_64_BIT)";
				CLANG_ENABLE_OBJC_ARC = NO;
				COMBINE_HIDPI_IMAGES = YES;
				DYLIB_COMPATIBILITY_VERSION = 1;
				DYLIB_CURRENT_VERSION = 1;
				FRAMEWORK_VERSION = A;
				GCC_PRECOMPILE_PREFIX_HEADER = YES;
				GCC_PREFIX_HEADER = "Canvas2D/Canvas2D-Prefix.pch";
				INFOPLIST_FILE = "Canvas2D/Canvas2D-Info.plist";
				PRODUCT_NAME = "$(TARGET_NAME)";
				WRAPPER_EXTENSION = framework;
			};
			name = Debug;
		};
		4750F16A19BF559400FA80B8 /* Release */ = {
			isa = XCBuildConfiguration;
			buildSettings = {
				ARCHS = "$(ARCHS_STANDARD_32_64_BIT)";
				CLANG_ENABLE_OBJC_ARC = NO;
				COMBINE_HIDPI_IMAGES = YES;
				DYLIB_COMPATIBILITY_VERSION = 1;
				DYLIB_CURRENT_VERSION = 1;
				FRAMEWORK_VERSION = A;
				GCC_PRECOMPILE_PREFIX_HEADER = YES;
				GCC_PREFIX_HEADER = "Canvas2D/Canvas2D-Prefix.pch";
				INFOPLIST_FILE = "Canvas2D/Canvas2D-Info.plist";
				PRODUCT_NAME = "$(TARGET_NAME)";
				WRAPPER_EXTENSION = framework;
			};
			name = Release;
		};
/* End XCBuildConfiguration section */

/* Begin XCConfigurationList section */
		4750F13A19BF559400FA80B8 /* Build configuration list for PBXProject "Canvas2D" */ = {
			isa = XCConfigurationList;
			buildConfigurations = (
				4750F16619BF559400FA80B8 /* Debug */,
				4750F16719BF559400FA80B8 /* Release */,
			);
			defaultConfigurationIsVisible = 0;
			defaultConfigurationName = Release;
		};
		4750F16819BF559400FA80B8 /* Build configuration list for PBXNativeTarget "Canvas2D" */ = {
			isa = XCConfigurationList;
			buildConfigurations = (
				4750F16919BF559400FA80B8 /* Debug */,
				4750F16A19BF559400FA80B8 /* Release */,
			);
			defaultConfigurationIsVisible = 0;
		};
/* End XCConfigurationList section */
	};
	rootObject = 4750F13719BF559400FA80B8 /* Project object */;
}
